
Microsoft Visual Studio Solution File, Format Version 12.00
# Visual Studio Version 17
VisualStudioVersion = 17.4.33110.190
MinimumVisualStudioVersion = 10.0.40219.1
Project("{FAE04EC0-301F-11D3-BF4B-00C04F79EFBC}") = "VanDerStats", "VanDerStats\VanDerStats.csproj", "{F01E34BC-81FF-44D1-8E33-7DD689302658}"
EndProject
Global
	GlobalSection(SolutionConfigurationPlatforms) = preSolution
		Debug|Any CPU = Debug|Any CPU
		Release|Any CPU = Release|Any CPU
	EndGlobalSection
	GlobalSection(ProjectConfigurationPlatforms) = postSolution
		{F01E34BC-81FF-44D1-8E33-7DD689302658}.Debug|Any CPU.ActiveCfg = Debug|Any CPU
		{F01E34BC-81FF-44D1-8E33-7DD689302658}.Debug|Any CPU.Build.0 = Debug|Any CPU
		{F01E34BC-81FF-44D1-8E33-7DD689302658}.Release|Any CPU.ActiveCfg = Release|Any CPU
		{F01E34BC-81FF-44D1-8E33-7DD689302658}.Release|Any CPU.Build.0 = Release|Any CPU
	EndGlobalSection
	GlobalSection(SolutionProperties) = preSolution
		HideSolutionNode = FALSE
	EndGlobalSection
	GlobalSection(ExtensibilityGlobals) = postSolution
		SolutionGuid = {394208C5-3AC5-4EC3-9AA9-C8F3EF3C92C1}
	EndGlobalSection
EndGlobal
