
Microsoft Visual Studio Solution File, Format Version 12.00
# Visual Studio Version 17
VisualStudioVersion = 17.4.33110.190
MinimumVisualStudioVersion = 10.0.40219.1
Project("{FAE04EC0-301F-11D3-BF4B-00C04F79EFBC}") = "WorldCupWrapped", "WorldCupWrapped\WorldCupWrapped.csproj", "{B215DC51-9EFB-4980-9E48-4486DBC0B256}"
EndProject
Global
	GlobalSection(SolutionConfigurationPlatforms) = preSolution
		Debug|Any CPU = Debug|Any CPU
		Release|Any CPU = Release|Any CPU
	EndGlobalSection
	GlobalSection(ProjectConfigurationPlatforms) = postSolution
		{B215DC51-9EFB-4980-9E48-4486DBC0B256}.Debug|Any CPU.ActiveCfg = Debug|Any CPU
		{B215DC51-9EFB-4980-9E48-4486DBC0B256}.Debug|Any CPU.Build.0 = Debug|Any CPU
		{B215DC51-9EFB-4980-9E48-4486DBC0B256}.Release|Any CPU.ActiveCfg = Release|Any CPU
		{B215DC51-9EFB-4980-9E48-4486DBC0B256}.Release|Any CPU.Build.0 = Release|Any CPU
	EndGlobalSection
	GlobalSection(SolutionProperties) = preSolution
		HideSolutionNode = FALSE
	EndGlobalSection
	GlobalSection(ExtensibilityGlobals) = postSolution
		SolutionGuid = {85ECC546-6024-4F4F-9651-FA668B2A6093}
	EndGlobalSection
EndGlobal
